
Microsoft Visual Studio Solution File, Format Version 12.00
# Visual Studio Version 16
VisualStudioVersion = 16.0.31313.79
MinimumVisualStudioVersion = 10.0.40219.1
Project("{FAE04EC0-301F-11D3-BF4B-00C04F79EFBC}") = "GitHub Site", "GitHub Site.csproj", "{3BC4FBBC-2E36-4D69-9F47-C4667B28111A}"
EndProject
Global
	GlobalSection(SolutionConfigurationPlatforms) = preSolution
		Debug|Any CPU = Debug|Any CPU
		Release|Any CPU = Release|Any CPU
	EndGlobalSection
	GlobalSection(ProjectConfigurationPlatforms) = postSolution
		{3BC4FBBC-2E36-4D69-9F47-C4667B28111A}.Debug|Any CPU.ActiveCfg = Debug|Any CPU
		{3BC4FBBC-2E36-4D69-9F47-C4667B28111A}.Debug|Any CPU.Build.0 = Debug|Any CPU
		{3BC4FBBC-2E36-4D69-9F47-C4667B28111A}.Release|Any CPU.ActiveCfg = Release|Any CPU
		{3BC4FBBC-2E36-4D69-9F47-C4667B28111A}.Release|Any CPU.Build.0 = Release|Any CPU
	EndGlobalSection
	GlobalSection(SolutionProperties) = preSolution
		HideSolutionNode = FALSE
	EndGlobalSection
	GlobalSection(ExtensibilityGlobals) = postSolution
		SolutionGuid = {F8E8659F-FA39-419E-9EE6-8B8F920CA15E}
	EndGlobalSection
EndGlobal
